
Microsoft Visual Studio Solution File, Format Version 12.00
# Visual Studio Version 17
VisualStudioVersion = 17.6.33815.320
MinimumVisualStudioVersion = 10.0.40219.1
Project("{FAE04EC0-301F-11D3-BF4B-00C04F79EFBC}") = "E-Commerce", "MVCOnlineTicariOtomasyon\E-Commerce.csproj", "{34785980-0026-4B04-B47A-5F61B9D9ACB1}"
EndProject
Global
	GlobalSection(SolutionConfigurationPlatforms) = preSolution
		Debug|Any CPU = Debug|Any CPU
		Release|Any CPU = Release|Any CPU
	EndGlobalSection
	GlobalSection(ProjectConfigurationPlatforms) = postSolution
		{34785980-0026-4B04-B47A-5F61B9D9ACB1}.Debug|Any CPU.ActiveCfg = Debug|Any CPU
		{34785980-0026-4B04-B47A-5F61B9D9ACB1}.Debug|Any CPU.Build.0 = Debug|Any CPU
		{34785980-0026-4B04-B47A-5F61B9D9ACB1}.Release|Any CPU.ActiveCfg = Release|Any CPU
		{34785980-0026-4B04-B47A-5F61B9D9ACB1}.Release|Any CPU.Build.0 = Release|Any CPU
	EndGlobalSection
	GlobalSection(SolutionProperties) = preSolution
		HideSolutionNode = FALSE
	EndGlobalSection
	GlobalSection(ExtensibilityGlobals) = postSolution
		SolutionGuid = {8146E2E6-E1BA-4D74-8832-9992BFAEB5D7}
	EndGlobalSection
EndGlobal
